// !$*UTF8*$!
{
	archiveVersion = 1;
	classes = {
	};
	objectVersion = 51;
	objects = {

/* Begin PBXBuildFile section */
		6ED1FA168953B792910479B5 /* Pods_instagram_instagramUITests.framework in Frameworks */ = {isa = PBXBuildFile; fileRef = 12F2D2103105D1B7517E0631 /* Pods_instagram_instagramUITests.framework */; };
		7332B257B7F6011A696D56BC /* Pods_instagram.framework in Frameworks */ = {isa = PBXBuildFile; fileRef = C25208D4759DF450DD71FF50 /* Pods_instagram.framework */; };
		A519585F260F8399003C5F04 /* AppDelegate.swift in Sources */ = {isa = PBXBuildFile; fileRef = A519585E260F8399003C5F04 /* AppDelegate.swift */; };
		A5195861260F8399003C5F04 /* SceneDelegate.swift in Sources */ = {isa = PBXBuildFile; fileRef = A5195860260F8399003C5F04 /* SceneDelegate.swift */; };
		A5195863260F8399003C5F04 /* FeedViewController.swift in Sources */ = {isa = PBXBuildFile; fileRef = A5195862260F8399003C5F04 /* FeedViewController.swift */; };
		A5195868260F839B003C5F04 /* Assets.xcassets in Resources */ = {isa = PBXBuildFile; fileRef = A5195867260F839B003C5F04 /* Assets.xcassets */; };
		A519586B260F839B003C5F04 /* LaunchScreen.storyboard in Resources */ = {isa = PBXBuildFile; fileRef = A5195869260F839B003C5F04 /* LaunchScreen.storyboard */; };
		A5195876260F839B003C5F04 /* instagramTests.swift in Sources */ = {isa = PBXBuildFile; fileRef = A5195875260F839B003C5F04 /* instagramTests.swift */; };
		A5195881260F839B003C5F04 /* instagramUITests.swift in Sources */ = {isa = PBXBuildFile; fileRef = A5195880260F839B003C5F04 /* instagramUITests.swift */; };
		A5CA1612260F877C00E99514 /* ExploreViewController.swift in Sources */ = {isa = PBXBuildFile; fileRef = A5CA1611260F877C00E99514 /* ExploreViewController.swift */; };
		A5CA161A260F87C500E99514 /* CameraViewController.swift in Sources */ = {isa = PBXBuildFile; fileRef = A5CA1619260F87C500E99514 /* CameraViewController.swift */; };
		A5CA161F260F87D000E99514 /* NotificationsViewController.swift in Sources */ = {isa = PBXBuildFile; fileRef = A5CA161E260F87D000E99514 /* NotificationsViewController.swift */; };
		A5CA1624260F87DB00E99514 /* ProfileViewController.swift in Sources */ = {isa = PBXBuildFile; fileRef = A5CA1623260F87DB00E99514 /* ProfileViewController.swift */; };
		A5CA1639260F883E00E99514 /* TabBarController.swift in Sources */ = {isa = PBXBuildFile; fileRef = A5CA1638260F883E00E99514 /* TabBarController.swift */; };
		A5CA163F260F887400E99514 /* SignInViewController.swift in Sources */ = {isa = PBXBuildFile; fileRef = A5CA163E260F887400E99514 /* SignInViewController.swift */; };
		A5CA1644260F887C00E99514 /* SignUpViewController.swift in Sources */ = {isa = PBXBuildFile; fileRef = A5CA1643260F887C00E99514 /* SignUpViewController.swift */; };
		A5CA1649260F889800E99514 /* CaptionViewController.swift in Sources */ = {isa = PBXBuildFile; fileRef = A5CA1648260F889800E99514 /* CaptionViewController.swift */; };
		A5CA164E260F88A900E99514 /* ListViewController.swift in Sources */ = {isa = PBXBuildFile; fileRef = A5CA164D260F88A900E99514 /* ListViewController.swift */; };
		A5CA1653260F88B400E99514 /* PostViewController.swift in Sources */ = {isa = PBXBuildFile; fileRef = A5CA1652260F88B400E99514 /* PostViewController.swift */; };
		A5CA1658260F88B900E99514 /* SettingsViewController.swift in Sources */ = {isa = PBXBuildFile; fileRef = A5CA1657260F88B900E99514 /* SettingsViewController.swift */; };
		A5CA165D260F88E200E99514 /* User.swift in Sources */ = {isa = PBXBuildFile; fileRef = A5CA165C260F88E200E99514 /* User.swift */; };
		A5CA1662260F88EA00E99514 /* Post.swift in Sources */ = {isa = PBXBuildFile; fileRef = A5CA1661260F88EA00E99514 /* Post.swift */; };
		A5CA1667260F88F600E99514 /* Relationship.swift in Sources */ = {isa = PBXBuildFile; fileRef = A5CA1666260F88F600E99514 /* Relationship.swift */; };
		A5CA166C260F890800E99514 /* Notification.swift in Sources */ = {isa = PBXBuildFile; fileRef = A5CA166B260F890800E99514 /* Notification.swift */; };
		A5CA1679260F892200E99514 /* AuthManager.swift in Sources */ = {isa = PBXBuildFile; fileRef = A5CA1678260F892200E99514 /* AuthManager.swift */; };
		A5CA167E260F893900E99514 /* DatabaseManager.swift in Sources */ = {isa = PBXBuildFile; fileRef = A5CA167D260F893900E99514 /* DatabaseManager.swift */; };
		A5CA1683260F893E00E99514 /* StorageManager.swift in Sources */ = {isa = PBXBuildFile; fileRef = A5CA1682260F893E00E99514 /* StorageManager.swift */; };
		A5CA1688260F894C00E99514 /* AnalyticsManager.swift in Sources */ = {isa = PBXBuildFile; fileRef = A5CA1687260F894C00E99514 /* AnalyticsManager.swift */; };
		A5CA168D260F895600E99514 /* HapticsManager.swift in Sources */ = {isa = PBXBuildFile; fileRef = A5CA168C260F895600E99514 /* HapticsManager.swift */; };
		B197F645F0BEDD808EC1A407 /* Pods_instagramTests.framework in Frameworks */ = {isa = PBXBuildFile; fileRef = 299AB0D2BD1035DAF12F723E /* Pods_instagramTests.framework */; };
/* End PBXBuildFile section */

/* Begin PBXContainerItemProxy section */
		A5195872260F839B003C5F04 /* PBXContainerItemProxy */ = {
			isa = PBXContainerItemProxy;
			containerPortal = A5195853260F8399003C5F04 /* Project object */;
			proxyType = 1;
			remoteGlobalIDString = A519585A260F8399003C5F04;
			remoteInfo = instagram;
		};
		A519587D260F839B003C5F04 /* PBXContainerItemProxy */ = {
			isa = PBXContainerItemProxy;
			containerPortal = A5195853260F8399003C5F04 /* Project object */;
			proxyType = 1;
			remoteGlobalIDString = A519585A260F8399003C5F04;
			remoteInfo = instagram;
		};
/* End PBXContainerItemProxy section */

/* Begin PBXFileReference section */
		12F2D2103105D1B7517E0631 /* Pods_instagram_instagramUITests.framework */ = {isa = PBXFileReference; explicitFileType = wrapper.framework; includeInIndex = 0; path = Pods_instagram_instagramUITests.framework; sourceTree = BUILT_PRODUCTS_DIR; };
		1BD353E1BD4CAA4FCF4C5590 /* Pods-instagram.release.xcconfig */ = {isa = PBXFileReference; includeInIndex = 1; lastKnownFileType = text.xcconfig; name = "Pods-instagram.release.xcconfig"; path = "Target Support Files/Pods-instagram/Pods-instagram.release.xcconfig"; sourceTree = "<group>"; };
		299AB0D2BD1035DAF12F723E /* Pods_instagramTests.framework */ = {isa = PBXFileReference; explicitFileType = wrapper.framework; includeInIndex = 0; path = Pods_instagramTests.framework; sourceTree = BUILT_PRODUCTS_DIR; };
		42AB3816CCABF79E7B0F7463 /* Pods-instagram-instagramUITests.release.xcconfig */ = {isa = PBXFileReference; includeInIndex = 1; lastKnownFileType = text.xcconfig; name = "Pods-instagram-instagramUITests.release.xcconfig"; path = "Target Support Files/Pods-instagram-instagramUITests/Pods-instagram-instagramUITests.release.xcconfig"; sourceTree = "<group>"; };
		5CF375F93D509FB13A8383CC /* Pods-instagram.debug.xcconfig */ = {isa = PBXFileReference; includeInIndex = 1; lastKnownFileType = text.xcconfig; name = "Pods-instagram.debug.xcconfig"; path = "Target Support Files/Pods-instagram/Pods-instagram.debug.xcconfig"; sourceTree = "<group>"; };
		64DA6AA918B15D157BA38288 /* Pods-instagramTests.debug.xcconfig */ = {isa = PBXFileReference; includeInIndex = 1; lastKnownFileType = text.xcconfig; name = "Pods-instagramTests.debug.xcconfig"; path = "Target Support Files/Pods-instagramTests/Pods-instagramTests.debug.xcconfig"; sourceTree = "<group>"; };
		9CA88DABFBE5537F63EEBCC9 /* Pods-instagramTests.release.xcconfig */ = {isa = PBXFileReference; includeInIndex = 1; lastKnownFileType = text.xcconfig; name = "Pods-instagramTests.release.xcconfig"; path = "Target Support Files/Pods-instagramTests/Pods-instagramTests.release.xcconfig"; sourceTree = "<group>"; };
		A519585B260F8399003C5F04 /* instagram.app */ = {isa = PBXFileReference; explicitFileType = wrapper.application; includeInIndex = 0; path = instagram.app; sourceTree = BUILT_PRODUCTS_DIR; };
		A519585E260F8399003C5F04 /* AppDelegate.swift */ = {isa = PBXFileReference; lastKnownFileType = sourcecode.swift; path = AppDelegate.swift; sourceTree = "<group>"; };
		A5195860260F8399003C5F04 /* SceneDelegate.swift */ = {isa = PBXFileReference; lastKnownFileType = sourcecode.swift; path = SceneDelegate.swift; sourceTree = "<group>"; };
		A5195862260F8399003C5F04 /* FeedViewController.swift */ = {isa = PBXFileReference; lastKnownFileType = sourcecode.swift; path = FeedViewController.swift; sourceTree = "<group>"; };
		A5195867260F839B003C5F04 /* Assets.xcassets */ = {isa = PBXFileReference; lastKnownFileType = folder.assetcatalog; path = Assets.xcassets; sourceTree = "<group>"; };
		A519586A260F839B003C5F04 /* Base */ = {isa = PBXFileReference; lastKnownFileType = file.storyboard; name = Base; path = Base.lproj/LaunchScreen.storyboard; sourceTree = "<group>"; };
		A519586C260F839B003C5F04 /* Info.plist */ = {isa = PBXFileReference; lastKnownFileType = text.plist.xml; path = Info.plist; sourceTree = "<group>"; };
		A5195871260F839B003C5F04 /* instagramTests.xctest */ = {isa = PBXFileReference; explicitFileType = wrapper.cfbundle; includeInIndex = 0; path = instagramTests.xctest; sourceTree = BUILT_PRODUCTS_DIR; };
		A5195875260F839B003C5F04 /* instagramTests.swift */ = {isa = PBXFileReference; lastKnownFileType = sourcecode.swift; path = instagramTests.swift; sourceTree = "<group>"; };
		A5195877260F839B003C5F04 /* Info.plist */ = {isa = PBXFileReference; lastKnownFileType = text.plist.xml; path = Info.plist; sourceTree = "<group>"; };
		A519587C260F839B003C5F04 /* instagramUITests.xctest */ = {isa = PBXFileReference; explicitFileType = wrapper.cfbundle; includeInIndex = 0; path = instagramUITests.xctest; sourceTree = BUILT_PRODUCTS_DIR; };
		A5195880260F839B003C5F04 /* instagramUITests.swift */ = {isa = PBXFileReference; lastKnownFileType = sourcecode.swift; path = instagramUITests.swift; sourceTree = "<group>"; };
		A5195882260F839B003C5F04 /* Info.plist */ = {isa = PBXFileReference; lastKnownFileType = text.plist.xml; path = Info.plist; sourceTree = "<group>"; };
		A5CA1611260F877C00E99514 /* ExploreViewController.swift */ = {isa = PBXFileReference; lastKnownFileType = sourcecode.swift; path = ExploreViewController.swift; sourceTree = "<group>"; };
		A5CA1619260F87C500E99514 /* CameraViewController.swift */ = {isa = PBXFileReference; lastKnownFileType = sourcecode.swift; path = CameraViewController.swift; sourceTree = "<group>"; };
		A5CA161E260F87D000E99514 /* NotificationsViewController.swift */ = {isa = PBXFileReference; lastKnownFileType = sourcecode.swift; path = NotificationsViewController.swift; sourceTree = "<group>"; };
		A5CA1623260F87DB00E99514 /* ProfileViewController.swift */ = {isa = PBXFileReference; lastKnownFileType = sourcecode.swift; path = ProfileViewController.swift; sourceTree = "<group>"; };
		A5CA1638260F883E00E99514 /* TabBarController.swift */ = {isa = PBXFileReference; lastKnownFileType = sourcecode.swift; path = TabBarController.swift; sourceTree = "<group>"; };
		A5CA163E260F887400E99514 /* SignInViewController.swift */ = {isa = PBXFileReference; lastKnownFileType = sourcecode.swift; path = SignInViewController.swift; sourceTree = "<group>"; };
		A5CA1643260F887C00E99514 /* SignUpViewController.swift */ = {isa = PBXFileReference; lastKnownFileType = sourcecode.swift; path = SignUpViewController.swift; sourceTree = "<group>"; };
		A5CA1648260F889800E99514 /* CaptionViewController.swift */ = {isa = PBXFileReference; lastKnownFileType = sourcecode.swift; path = CaptionViewController.swift; sourceTree = "<group>"; };
		A5CA164D260F88A900E99514 /* ListViewController.swift */ = {isa = PBXFileReference; lastKnownFileType = sourcecode.swift; path = ListViewController.swift; sourceTree = "<group>"; };
		A5CA1652260F88B400E99514 /* PostViewController.swift */ = {isa = PBXFileReference; lastKnownFileType = sourcecode.swift; path = PostViewController.swift; sourceTree = "<group>"; };
		A5CA1657260F88B900E99514 /* SettingsViewController.swift */ = {isa = PBXFileReference; lastKnownFileType = sourcecode.swift; path = SettingsViewController.swift; sourceTree = "<group>"; };
		A5CA165C260F88E200E99514 /* User.swift */ = {isa = PBXFileReference; lastKnownFileType = sourcecode.swift; path = User.swift; sourceTree = "<group>"; };
		A5CA1661260F88EA00E99514 /* Post.swift */ = {isa = PBXFileReference; lastKnownFileType = sourcecode.swift; path = Post.swift; sourceTree = "<group>"; };
		A5CA1666260F88F600E99514 /* Relationship.swift */ = {isa = PBXFileReference; lastKnownFileType = sourcecode.swift; path = Relationship.swift; sourceTree = "<group>"; };
		A5CA166B260F890800E99514 /* Notification.swift */ = {isa = PBXFileReference; lastKnownFileType = sourcecode.swift; path = Notification.swift; sourceTree = "<group>"; };
		A5CA1678260F892200E99514 /* AuthManager.swift */ = {isa = PBXFileReference; lastKnownFileType = sourcecode.swift; path = AuthManager.swift; sourceTree = "<group>"; };
		A5CA167D260F893900E99514 /* DatabaseManager.swift */ = {isa = PBXFileReference; lastKnownFileType = sourcecode.swift; path = DatabaseManager.swift; sourceTree = "<group>"; };
		A5CA1682260F893E00E99514 /* StorageManager.swift */ = {isa = PBXFileReference; lastKnownFileType = sourcecode.swift; path = StorageManager.swift; sourceTree = "<group>"; };
		A5CA1687260F894C00E99514 /* AnalyticsManager.swift */ = {isa = PBXFileReference; lastKnownFileType = sourcecode.swift; path = AnalyticsManager.swift; sourceTree = "<group>"; };
		A5CA168C260F895600E99514 /* HapticsManager.swift */ = {isa = PBXFileReference; lastKnownFileType = sourcecode.swift; path = HapticsManager.swift; sourceTree = "<group>"; };
		C25208D4759DF450DD71FF50 /* Pods_instagram.framework */ = {isa = PBXFileReference; explicitFileType = wrapper.framework; includeInIndex = 0; path = Pods_instagram.framework; sourceTree = BUILT_PRODUCTS_DIR; };
		E8567F2F10F066095C9C8B48 /* Pods-instagram-instagramUITests.debug.xcconfig */ = {isa = PBXFileReference; includeInIndex = 1; lastKnownFileType = text.xcconfig; name = "Pods-instagram-instagramUITests.debug.xcconfig"; path = "Target Support Files/Pods-instagram-instagramUITests/Pods-instagram-instagramUITests.debug.xcconfig"; sourceTree = "<group>"; };
/* End PBXFileReference section */

/* Begin PBXFrameworksBuildPhase section */
		A5195858260F8399003C5F04 /* Frameworks */ = {
			isa = PBXFrameworksBuildPhase;
			buildActionMask = 2147483647;
			files = (
				7332B257B7F6011A696D56BC /* Pods_instagram.framework in Frameworks */,
			);
			runOnlyForDeploymentPostprocessing = 0;
		};
		A519586E260F839B003C5F04 /* Frameworks */ = {
			isa = PBXFrameworksBuildPhase;
			buildActionMask = 2147483647;
			files = (
				B197F645F0BEDD808EC1A407 /* Pods_instagramTests.framework in Frameworks */,
			);
			runOnlyForDeploymentPostprocessing = 0;
		};
		A5195879260F839B003C5F04 /* Frameworks */ = {
			isa = PBXFrameworksBuildPhase;
			buildActionMask = 2147483647;
			files = (
				6ED1FA168953B792910479B5 /* Pods_instagram_instagramUITests.framework in Frameworks */,
			);
			runOnlyForDeploymentPostprocessing = 0;
		};
/* End PBXFrameworksBuildPhase section */

/* Begin PBXGroup section */
		A5195852260F8399003C5F04 = {
			isa = PBXGroup;
			children = (
				A519585D260F8399003C5F04 /* instagram */,
				A5195874260F839B003C5F04 /* instagramTests */,
				A519587F260F839B003C5F04 /* instagramUITests */,
				A519585C260F8399003C5F04 /* Products */,
				B9F49F000015E1DC2745D739 /* Pods */,
				EC9E1B7153BB4F7651B83124 /* Frameworks */,
			);
			sourceTree = "<group>";
		};
		A519585C260F8399003C5F04 /* Products */ = {
			isa = PBXGroup;
			children = (
				A519585B260F8399003C5F04 /* instagram.app */,
				A5195871260F839B003C5F04 /* instagramTests.xctest */,
				A519587C260F839B003C5F04 /* instagramUITests.xctest */,
			);
			name = Products;
			sourceTree = "<group>";
		};
		A519585D260F8399003C5F04 /* instagram */ = {
			isa = PBXGroup;
			children = (
				A51958B2260F85BF003C5F04 /* Resources */,
				A51958B1260F85AF003C5F04 /* Managers */,
				A51958B0260F85A9003C5F04 /* ViewModels */,
				A51958AF260F85A1003C5F04 /* Models */,
				A51958AE260F8597003C5F04 /* Views */,
				A51958AD260F858F003C5F04 /* Controllers */,
				A519586C260F839B003C5F04 /* Info.plist */,
			);
			path = instagram;
			sourceTree = "<group>";
		};
		A5195874260F839B003C5F04 /* instagramTests */ = {
			isa = PBXGroup;
			children = (
				A5195875260F839B003C5F04 /* instagramTests.swift */,
				A5195877260F839B003C5F04 /* Info.plist */,
			);
			path = instagramTests;
			sourceTree = "<group>";
		};
		A519587F260F839B003C5F04 /* instagramUITests */ = {
			isa = PBXGroup;
			children = (
				A5195880260F839B003C5F04 /* instagramUITests.swift */,
				A5195882260F839B003C5F04 /* Info.plist */,
			);
			path = instagramUITests;
			sourceTree = "<group>";
		};
		A51958AD260F858F003C5F04 /* Controllers */ = {
			isa = PBXGroup;
			children = (
				A5CA163D260F886500E99514 /* Other */,
				A5CA1610260F877200E99514 /* Core */,
			);
			path = Controllers;
			sourceTree = "<group>";
		};
		A51958AE260F8597003C5F04 /* Views */ = {
			isa = PBXGroup;
			children = (
				A5195869260F839B003C5F04 /* LaunchScreen.storyboard */,
			);
			path = Views;
			sourceTree = "<group>";
		};
		A51958AF260F85A1003C5F04 /* Models */ = {
			isa = PBXGroup;
			children = (
				A5CA165C260F88E200E99514 /* User.swift */,
				A5CA1661260F88EA00E99514 /* Post.swift */,
				A5CA1666260F88F600E99514 /* Relationship.swift */,
				A5CA166B260F890800E99514 /* Notification.swift */,
			);
			path = Models;
			sourceTree = "<group>";
		};
		A51958B0260F85A9003C5F04 /* ViewModels */ = {
			isa = PBXGroup;
			children = (
			);
			path = ViewModels;
			sourceTree = "<group>";
		};
		A51958B1260F85AF003C5F04 /* Managers */ = {
			isa = PBXGroup;
			children = (
				A5CA1678260F892200E99514 /* AuthManager.swift */,
				A5CA167D260F893900E99514 /* DatabaseManager.swift */,
				A5CA1682260F893E00E99514 /* StorageManager.swift */,
				A5CA1687260F894C00E99514 /* AnalyticsManager.swift */,
				A5CA168C260F895600E99514 /* HapticsManager.swift */,
			);
			path = Managers;
			sourceTree = "<group>";
		};
		A51958B2260F85BF003C5F04 /* Resources */ = {
			isa = PBXGroup;
			children = (
				A5195867260F839B003C5F04 /* Assets.xcassets */,
				A519585E260F8399003C5F04 /* AppDelegate.swift */,
				A5195860260F8399003C5F04 /* SceneDelegate.swift */,
			);
			path = Resources;
			sourceTree = "<group>";
		};
		A5CA1610260F877200E99514 /* Core */ = {
			isa = PBXGroup;
			children = (
				A5195862260F8399003C5F04 /* FeedViewController.swift */,
				A5CA1611260F877C00E99514 /* ExploreViewController.swift */,
				A5CA1619260F87C500E99514 /* CameraViewController.swift */,
				A5CA161E260F87D000E99514 /* NotificationsViewController.swift */,
				A5CA1623260F87DB00E99514 /* ProfileViewController.swift */,
				A5CA1638260F883E00E99514 /* TabBarController.swift */,
			);
			path = Core;
			sourceTree = "<group>";
		};
		A5CA163D260F886500E99514 /* Other */ = {
			isa = PBXGroup;
			children = (
				A5CA163E260F887400E99514 /* SignInViewController.swift */,
				A5CA1643260F887C00E99514 /* SignUpViewController.swift */,
				A5CA1648260F889800E99514 /* CaptionViewController.swift */,
				A5CA164D260F88A900E99514 /* ListViewController.swift */,
				A5CA1652260F88B400E99514 /* PostViewController.swift */,
				A5CA1657260F88B900E99514 /* SettingsViewController.swift */,
			);
			path = Other;
			sourceTree = "<group>";
		};
		B9F49F000015E1DC2745D739 /* Pods */ = {
			isa = PBXGroup;
			children = (
				5CF375F93D509FB13A8383CC /* Pods-instagram.debug.xcconfig */,
				1BD353E1BD4CAA4FCF4C5590 /* Pods-instagram.release.xcconfig */,
				E8567F2F10F066095C9C8B48 /* Pods-instagram-instagramUITests.debug.xcconfig */,
				42AB3816CCABF79E7B0F7463 /* Pods-instagram-instagramUITests.release.xcconfig */,
				64DA6AA918B15D157BA38288 /* Pods-instagramTests.debug.xcconfig */,
				9CA88DABFBE5537F63EEBCC9 /* Pods-instagramTests.release.xcconfig */,
			);
			path = Pods;
			sourceTree = "<group>";
		};
		EC9E1B7153BB4F7651B83124 /* Frameworks */ = {
			isa = PBXGroup;
			children = (
				C25208D4759DF450DD71FF50 /* Pods_instagram.framework */,
				12F2D2103105D1B7517E0631 /* Pods_instagram_instagramUITests.framework */,
				299AB0D2BD1035DAF12F723E /* Pods_instagramTests.framework */,
			);
			name = Frameworks;
			sourceTree = "<group>";
		};
/* End PBXGroup section */

/* Begin PBXNativeTarget section */
		A519585A260F8399003C5F04 /* instagram */ = {
			isa = PBXNativeTarget;
			buildConfigurationList = A5195885260F839B003C5F04 /* Build configuration list for PBXNativeTarget "instagram" */;
			buildPhases = (
				578F7F78E522526203A35576 /* [CP] Check Pods Manifest.lock */,
				A5195857260F8399003C5F04 /* Sources */,
				A5195858260F8399003C5F04 /* Frameworks */,
				A5195859260F8399003C5F04 /* Resources */,
				B7F9D4646F39C727BCC7ACE7 /* [CP] Embed Pods Frameworks */,
			);
			buildRules = (
			);
			dependencies = (
			);
			name = instagram;
			productName = instagram;
			productReference = A519585B260F8399003C5F04 /* instagram.app */;
			productType = "com.apple.product-type.application";
		};
		A5195870260F839B003C5F04 /* instagramTests */ = {
			isa = PBXNativeTarget;
			buildConfigurationList = A5195888260F839B003C5F04 /* Build configuration list for PBXNativeTarget "instagramTests" */;
			buildPhases = (
				9DD9CC879128EF84C1DFD05C /* [CP] Check Pods Manifest.lock */,
				A519586D260F839B003C5F04 /* Sources */,
				A519586E260F839B003C5F04 /* Frameworks */,
				A519586F260F839B003C5F04 /* Resources */,
			);
			buildRules = (
			);
			dependencies = (
				A5195873260F839B003C5F04 /* PBXTargetDependency */,
			);
			name = instagramTests;
			productName = instagramTests;
			productReference = A5195871260F839B003C5F04 /* instagramTests.xctest */;
			productType = "com.apple.product-type.bundle.unit-test";
		};
		A519587B260F839B003C5F04 /* instagramUITests */ = {
			isa = PBXNativeTarget;
			buildConfigurationList = A519588B260F839B003C5F04 /* Build configuration list for PBXNativeTarget "instagramUITests" */;
			buildPhases = (
				0C2549DB6873D83FE361E9A9 /* [CP] Check Pods Manifest.lock */,
				A5195878260F839B003C5F04 /* Sources */,
				A5195879260F839B003C5F04 /* Frameworks */,
				A519587A260F839B003C5F04 /* Resources */,
				3C867796BDBA1675B9E86A5B /* [CP] Embed Pods Frameworks */,
			);
			buildRules = (
			);
			dependencies = (
				A519587E260F839B003C5F04 /* PBXTargetDependency */,
			);
			name = instagramUITests;
			productName = instagramUITests;
			productReference = A519587C260F839B003C5F04 /* instagramUITests.xctest */;
			productType = "com.apple.product-type.bundle.ui-testing";
		};
/* End PBXNativeTarget section */

/* Begin PBXProject section */
		A5195853260F8399003C5F04 /* Project object */ = {
			isa = PBXProject;
			attributes = {
				LastSwiftUpdateCheck = 1240;
				LastUpgradeCheck = 1240;
				TargetAttributes = {
					A519585A260F8399003C5F04 = {
						CreatedOnToolsVersion = 12.4;
					};
					A5195870260F839B003C5F04 = {
						CreatedOnToolsVersion = 12.4;
						TestTargetID = A519585A260F8399003C5F04;
					};
					A519587B260F839B003C5F04 = {
						CreatedOnToolsVersion = 12.4;
						TestTargetID = A519585A260F8399003C5F04;
					};
				};
			};
			buildConfigurationList = A5195856260F8399003C5F04 /* Build configuration list for PBXProject "instagram" */;
			compatibilityVersion = "Xcode 9.3";
			developmentRegion = en;
			hasScannedForEncodings = 0;
			knownRegions = (
				en,
				Base,
			);
			mainGroup = A5195852260F8399003C5F04;
			productRefGroup = A519585C260F8399003C5F04 /* Products */;
			projectDirPath = "";
			projectRoot = "";
			targets = (
				A519585A260F8399003C5F04 /* instagram */,
				A5195870260F839B003C5F04 /* instagramTests */,
				A519587B260F839B003C5F04 /* instagramUITests */,
			);
		};
/* End PBXProject section */

/* Begin PBXResourcesBuildPhase section */
		A5195859260F8399003C5F04 /* Resources */ = {
			isa = PBXResourcesBuildPhase;
			buildActionMask = 2147483647;
			files = (
				A519586B260F839B003C5F04 /* LaunchScreen.storyboard in Resources */,
				A5195868260F839B003C5F04 /* Assets.xcassets in Resources */,
			);
			runOnlyForDeploymentPostprocessing = 0;
		};
		A519586F260F839B003C5F04 /* Resources */ = {
			isa = PBXResourcesBuildPhase;
			buildActionMask = 2147483647;
			files = (
			);
			runOnlyForDeploymentPostprocessing = 0;
		};
		A519587A260F839B003C5F04 /* Resources */ = {
			isa = PBXResourcesBuildPhase;
			buildActionMask = 2147483647;
			files = (
			);
			runOnlyForDeploymentPostprocessing = 0;
		};
/* End PBXResourcesBuildPhase section */

/* Begin PBXShellScriptBuildPhase section */
		0C2549DB6873D83FE361E9A9 /* [CP] Check Pods Manifest.lock */ = {
			isa = PBXShellScriptBuildPhase;
			buildActionMask = 2147483647;
			files = (
			);
			inputFileListPaths = (
			);
			inputPaths = (
				"${PODS_PODFILE_DIR_PATH}/Podfile.lock",
				"${PODS_ROOT}/Manifest.lock",
			);
			name = "[CP] Check Pods Manifest.lock";
			outputFileListPaths = (
			);
			outputPaths = (
				"$(DERIVED_FILE_DIR)/Pods-instagram-instagramUITests-checkManifestLockResult.txt",
			);
			runOnlyForDeploymentPostprocessing = 0;
			shellPath = /bin/sh;
			shellScript = "diff \"${PODS_PODFILE_DIR_PATH}/Podfile.lock\" \"${PODS_ROOT}/Manifest.lock\" > /dev/null\nif [ $? != 0 ] ; then\n    # print error to STDERR\n    echo \"error: The sandbox is not in sync with the Podfile.lock. Run 'pod install' or update your CocoaPods installation.\" >&2\n    exit 1\nfi\n# This output is used by Xcode 'outputs' to avoid re-running this script phase.\necho \"SUCCESS\" > \"${SCRIPT_OUTPUT_FILE_0}\"\n";
			showEnvVarsInLog = 0;
		};
		3C867796BDBA1675B9E86A5B /* [CP] Embed Pods Frameworks */ = {
			isa = PBXShellScriptBuildPhase;
			buildActionMask = 2147483647;
			files = (
			);
			inputFileListPaths = (
				"${PODS_ROOT}/Target Support Files/Pods-instagram-instagramUITests/Pods-instagram-instagramUITests-frameworks-${CONFIGURATION}-input-files.xcfilelist",
			);
			name = "[CP] Embed Pods Frameworks";
			outputFileListPaths = (
				"${PODS_ROOT}/Target Support Files/Pods-instagram-instagramUITests/Pods-instagram-instagramUITests-frameworks-${CONFIGURATION}-output-files.xcfilelist",
			);
			runOnlyForDeploymentPostprocessing = 0;
			shellPath = /bin/sh;
			shellScript = "\"${PODS_ROOT}/Target Support Files/Pods-instagram-instagramUITests/Pods-instagram-instagramUITests-frameworks.sh\"\n";
			showEnvVarsInLog = 0;
		};
		578F7F78E522526203A35576 /* [CP] Check Pods Manifest.lock */ = {
			isa = PBXShellScriptBuildPhase;
			buildActionMask = 2147483647;
			files = (
			);
			inputFileListPaths = (
			);
			inputPaths = (
				"${PODS_PODFILE_DIR_PATH}/Podfile.lock",
				"${PODS_ROOT}/Manifest.lock",
			);
			name = "[CP] Check Pods Manifest.lock";
			outputFileListPaths = (
			);
			outputPaths = (
				"$(DERIVED_FILE_DIR)/Pods-instagram-checkManifestLockResult.txt",
			);
			runOnlyForDeploymentPostprocessing = 0;
			shellPath = /bin/sh;
			shellScript = "diff \"${PODS_PODFILE_DIR_PATH}/Podfile.lock\" \"${PODS_ROOT}/Manifest.lock\" > /dev/null\nif [ $? != 0 ] ; then\n    # print error to STDERR\n    echo \"error: The sandbox is not in sync with the Podfile.lock. Run 'pod install' or update your CocoaPods installation.\" >&2\n    exit 1\nfi\n# This output is used by Xcode 'outputs' to avoid re-running this script phase.\necho \"SUCCESS\" > \"${SCRIPT_OUTPUT_FILE_0}\"\n";
			showEnvVarsInLog = 0;
		};
		9DD9CC879128EF84C1DFD05C /* [CP] Check Pods Manifest.lock */ = {
			isa = PBXShellScriptBuildPhase;
			buildActionMask = 2147483647;
			files = (
			);
			inputFileListPaths = (
			);
			inputPaths = (
				"${PODS_PODFILE_DIR_PATH}/Podfile.lock",
				"${PODS_ROOT}/Manifest.lock",
			);
			name = "[CP] Check Pods Manifest.lock";
			outputFileListPaths = (
			);
			outputPaths = (
				"$(DERIVED_FILE_DIR)/Pods-instagramTests-checkManifestLockResult.txt",
			);
			runOnlyForDeploymentPostprocessing = 0;
			shellPath = /bin/sh;
			shellScript = "diff \"${PODS_PODFILE_DIR_PATH}/Podfile.lock\" \"${PODS_ROOT}/Manifest.lock\" > /dev/null\nif [ $? != 0 ] ; then\n    # print error to STDERR\n    echo \"error: The sandbox is not in sync with the Podfile.lock. Run 'pod install' or update your CocoaPods installation.\" >&2\n    exit 1\nfi\n# This output is used by Xcode 'outputs' to avoid re-running this script phase.\necho \"SUCCESS\" > \"${SCRIPT_OUTPUT_FILE_0}\"\n";
			showEnvVarsInLog = 0;
		};
		B7F9D4646F39C727BCC7ACE7 /* [CP] Embed Pods Frameworks */ = {
			isa = PBXShellScriptBuildPhase;
			buildActionMask = 2147483647;
			files = (
			);
			inputFileListPaths = (
				"${PODS_ROOT}/Target Support Files/Pods-instagram/Pods-instagram-frameworks-${CONFIGURATION}-input-files.xcfilelist",
			);
			name = "[CP] Embed Pods Frameworks";
			outputFileListPaths = (
				"${PODS_ROOT}/Target Support Files/Pods-instagram/Pods-instagram-frameworks-${CONFIGURATION}-output-files.xcfilelist",
			);
			runOnlyForDeploymentPostprocessing = 0;
			shellPath = /bin/sh;
			shellScript = "\"${PODS_ROOT}/Target Support Files/Pods-instagram/Pods-instagram-frameworks.sh\"\n";
			showEnvVarsInLog = 0;
		};
/* End PBXShellScriptBuildPhase section */

/* Begin PBXSourcesBuildPhase section */
		A5195857260F8399003C5F04 /* Sources */ = {
			isa = PBXSourcesBuildPhase;
			buildActionMask = 2147483647;
			files = (
				A5CA1649260F889800E99514 /* CaptionViewController.swift in Sources */,
				A5CA1612260F877C00E99514 /* ExploreViewController.swift in Sources */,
				A5CA166C260F890800E99514 /* Notification.swift in Sources */,
				A5CA1683260F893E00E99514 /* StorageManager.swift in Sources */,
				A5CA164E260F88A900E99514 /* ListViewController.swift in Sources */,
				A5CA1653260F88B400E99514 /* PostViewController.swift in Sources */,
				A5CA1639260F883E00E99514 /* TabBarController.swift in Sources */,
				A5CA161A260F87C500E99514 /* CameraViewController.swift in Sources */,
				A5CA1688260F894C00E99514 /* AnalyticsManager.swift in Sources */,
				A5195863260F8399003C5F04 /* FeedViewController.swift in Sources */,
				A5CA1644260F887C00E99514 /* SignUpViewController.swift in Sources */,
				A5CA165D260F88E200E99514 /* User.swift in Sources */,
				A5CA161F260F87D000E99514 /* NotificationsViewController.swift in Sources */,
				A5CA1658260F88B900E99514 /* SettingsViewController.swift in Sources */,
				A5CA167E260F893900E99514 /* DatabaseManager.swift in Sources */,
				A5CA1667260F88F600E99514 /* Relationship.swift in Sources */,
				A5CA1662260F88EA00E99514 /* Post.swift in Sources */,
				A5CA1679260F892200E99514 /* AuthManager.swift in Sources */,
				A5CA163F260F887400E99514 /* SignInViewController.swift in Sources */,
				A5CA1624260F87DB00E99514 /* ProfileViewController.swift in Sources */,
				A5CA168D260F895600E99514 /* HapticsManager.swift in Sources */,
				A519585F260F8399003C5F04 /* AppDelegate.swift in Sources */,
				A5195861260F8399003C5F04 /* SceneDelegate.swift in Sources */,
			);
			runOnlyForDeploymentPostprocessing = 0;
		};
		A519586D260F839B003C5F04 /* Sources */ = {
			isa = PBXSourcesBuildPhase;
			buildActionMask = 2147483647;
			files = (
				A5195876260F839B003C5F04 /* instagramTests.swift in Sources */,
			);
			runOnlyForDeploymentPostprocessing = 0;
		};
		A5195878260F839B003C5F04 /* Sources */ = {
			isa = PBXSourcesBuildPhase;
			buildActionMask = 2147483647;
			files = (
				A5195881260F839B003C5F04 /* instagramUITests.swift in Sources */,
			);
			runOnlyForDeploymentPostprocessing = 0;
		};
/* End PBXSourcesBuildPhase section */

/* Begin PBXTargetDependency section */
		A5195873260F839B003C5F04 /* PBXTargetDependency */ = {
			isa = PBXTargetDependency;
			target = A519585A260F8399003C5F04 /* instagram */;
			targetProxy = A5195872260F839B003C5F04 /* PBXContainerItemProxy */;
		};
		A519587E260F839B003C5F04 /* PBXTargetDependency */ = {
			isa = PBXTargetDependency;
			target = A519585A260F8399003C5F04 /* instagram */;
			targetProxy = A519587D260F839B003C5F04 /* PBXContainerItemProxy */;
		};
/* End PBXTargetDependency section */

/* Begin PBXVariantGroup section */
		A5195869260F839B003C5F04 /* LaunchScreen.storyboard */ = {
			isa = PBXVariantGroup;
			children = (
				A519586A260F839B003C5F04 /* Base */,
			);
			name = LaunchScreen.storyboard;
			sourceTree = "<group>";
		};
/* End PBXVariantGroup section */

/* Begin XCBuildConfiguration section */
		A5195883260F839B003C5F04 /* Debug */ = {
			isa = XCBuildConfiguration;
			buildSettings = {
				ALWAYS_SEARCH_USER_PATHS = NO;
				CLANG_ANALYZER_NONNULL = YES;
				CLANG_ANALYZER_NUMBER_OBJECT_CONVERSION = YES_AGGRESSIVE;
				CLANG_CXX_LANGUAGE_STANDARD = "gnu++14";
				CLANG_CXX_LIBRARY = "libc++";
				CLANG_ENABLE_MODULES = YES;
				CLANG_ENABLE_OBJC_ARC = YES;
				CLANG_ENABLE_OBJC_WEAK = YES;
				CLANG_WARN_BLOCK_CAPTURE_AUTORELEASING = YES;
				CLANG_WARN_BOOL_CONVERSION = YES;
				CLANG_WARN_COMMA = YES;
				CLANG_WARN_CONSTANT_CONVERSION = YES;
				CLANG_WARN_DEPRECATED_OBJC_IMPLEMENTATIONS = YES;
				CLANG_WARN_DIRECT_OBJC_ISA_USAGE = YES_ERROR;
				CLANG_WARN_DOCUMENTATION_COMMENTS = YES;
				CLANG_WARN_EMPTY_BODY = YES;
				CLANG_WARN_ENUM_CONVERSION = YES;
				CLANG_WARN_INFINITE_RECURSION = YES;
				CLANG_WARN_INT_CONVERSION = YES;
				CLANG_WARN_NON_LITERAL_NULL_CONVERSION = YES;
				CLANG_WARN_OBJC_IMPLICIT_RETAIN_SELF = YES;
				CLANG_WARN_OBJC_LITERAL_CONVERSION = YES;
				CLANG_WARN_OBJC_ROOT_CLASS = YES_ERROR;
				CLANG_WARN_QUOTED_INCLUDE_IN_FRAMEWORK_HEADER = YES;
				CLANG_WARN_RANGE_LOOP_ANALYSIS = YES;
				CLANG_WARN_STRICT_PROTOTYPES = YES;
				CLANG_WARN_SUSPICIOUS_MOVE = YES;
				CLANG_WARN_UNGUARDED_AVAILABILITY = YES_AGGRESSIVE;
				CLANG_WARN_UNREACHABLE_CODE = YES;
				CLANG_WARN__DUPLICATE_METHOD_MATCH = YES;
				COPY_PHASE_STRIP = NO;
				DEBUG_INFORMATION_FORMAT = dwarf;
				ENABLE_STRICT_OBJC_MSGSEND = YES;
				ENABLE_TESTABILITY = YES;
				GCC_C_LANGUAGE_STANDARD = gnu11;
				GCC_DYNAMIC_NO_PIC = NO;
				GCC_NO_COMMON_BLOCKS = YES;
				GCC_OPTIMIZATION_LEVEL = 0;
				GCC_PREPROCESSOR_DEFINITIONS = (
					"DEBUG=1",
					"$(inherited)",
				);
				GCC_WARN_64_TO_32_BIT_CONVERSION = YES;
				GCC_WARN_ABOUT_RETURN_TYPE = YES_ERROR;
				GCC_WARN_UNDECLARED_SELECTOR = YES;
				GCC_WARN_UNINITIALIZED_AUTOS = YES_AGGRESSIVE;
				GCC_WARN_UNUSED_FUNCTION = YES;
				GCC_WARN_UNUSED_VARIABLE = YES;
				IPHONEOS_DEPLOYMENT_TARGET = 14.4;
				MTL_ENABLE_DEBUG_INFO = INCLUDE_SOURCE;
				MTL_FAST_MATH = YES;
				ONLY_ACTIVE_ARCH = YES;
				SDKROOT = iphoneos;
				SWIFT_ACTIVE_COMPILATION_CONDITIONS = DEBUG;
				SWIFT_OPTIMIZATION_LEVEL = "-Onone";
			};
			name = Debug;
		};
		A5195884260F839B003C5F04 /* Release */ = {
			isa = XCBuildConfiguration;
			buildSettings = {
				ALWAYS_SEARCH_USER_PATHS = NO;
				CLANG_ANALYZER_NONNULL = YES;
				CLANG_ANALYZER_NUMBER_OBJECT_CONVERSION = YES_AGGRESSIVE;
				CLANG_CXX_LANGUAGE_STANDARD = "gnu++14";
				CLANG_CXX_LIBRARY = "libc++";
				CLANG_ENABLE_MODULES = YES;
				CLANG_ENABLE_OBJC_ARC = YES;
				CLANG_ENABLE_OBJC_WEAK = YES;
				CLANG_WARN_BLOCK_CAPTURE_AUTORELEASING = YES;
				CLANG_WARN_BOOL_CONVERSION = YES;
				CLANG_WARN_COMMA = YES;
				CLANG_WARN_CONSTANT_CONVERSION = YES;
				CLANG_WARN_DEPRECATED_OBJC_IMPLEMENTATIONS = YES;
				CLANG_WARN_DIRECT_OBJC_ISA_USAGE = YES_ERROR;
				CLANG_WARN_DOCUMENTATION_COMMENTS = YES;
				CLANG_WARN_EMPTY_BODY = YES;
				CLANG_WARN_ENUM_CONVERSION = YES;
				CLANG_WARN_INFINITE_RECURSION = YES;
				CLANG_WARN_INT_CONVERSION = YES;
				CLANG_WARN_NON_LITERAL_NULL_CONVERSION = YES;
				CLANG_WARN_OBJC_IMPLICIT_RETAIN_SELF = YES;
				CLANG_WARN_OBJC_LITERAL_CONVERSION = YES;
				CLANG_WARN_OBJC_ROOT_CLASS = YES_ERROR;
				CLANG_WARN_QUOTED_INCLUDE_IN_FRAMEWORK_HEADER = YES;
				CLANG_WARN_RANGE_LOOP_ANALYSIS = YES;
				CLANG_WARN_STRICT_PROTOTYPES = YES;
				CLANG_WARN_SUSPICIOUS_MOVE = YES;
				CLANG_WARN_UNGUARDED_AVAILABILITY = YES_AGGRESSIVE;
				CLANG_WARN_UNREACHABLE_CODE = YES;
				CLANG_WARN__DUPLICATE_METHOD_MATCH = YES;
				COPY_PHASE_STRIP = NO;
				DEBUG_INFORMATION_FORMAT = "dwarf-with-dsym";
				ENABLE_NS_ASSERTIONS = NO;
				ENABLE_STRICT_OBJC_MSGSEND = YES;
				GCC_C_LANGUAGE_STANDARD = gnu11;
				GCC_NO_COMMON_BLOCKS = YES;
				GCC_WARN_64_TO_32_BIT_CONVERSION = YES;
				GCC_WARN_ABOUT_RETURN_TYPE = YES_ERROR;
				GCC_WARN_UNDECLARED_SELECTOR = YES;
				GCC_WARN_UNINITIALIZED_AUTOS = YES_AGGRESSIVE;
				GCC_WARN_UNUSED_FUNCTION = YES;
				GCC_WARN_UNUSED_VARIABLE = YES;
				IPHONEOS_DEPLOYMENT_TARGET = 14.4;
				MTL_ENABLE_DEBUG_INFO = NO;
				MTL_FAST_MATH = YES;
				SDKROOT = iphoneos;
				SWIFT_COMPILATION_MODE = wholemodule;
				SWIFT_OPTIMIZATION_LEVEL = "-O";
				VALIDATE_PRODUCT = YES;
			};
			name = Release;
		};
		A5195886260F839B003C5F04 /* Debug */ = {
			isa = XCBuildConfiguration;
			baseConfigurationReference = 5CF375F93D509FB13A8383CC /* Pods-instagram.debug.xcconfig */;
			buildSettings = {
				ASSETCATALOG_COMPILER_APPICON_NAME = AppIcon;
				ASSETCATALOG_COMPILER_GLOBAL_ACCENT_COLOR_NAME = AccentColor;
				CODE_SIGN_STYLE = Automatic;
				DEVELOPMENT_TEAM = XN8YLP44NY;
				INFOPLIST_FILE = instagram/Info.plist;
				IPHONEOS_DEPLOYMENT_TARGET = 13.0;
				LD_RUNPATH_SEARCH_PATHS = (
					"$(inherited)",
					"@executable_path/Frameworks",
				);
				PRODUCT_BUNDLE_IDENTIFIER = com.michaelenterprise.instagram;
				PRODUCT_NAME = "$(TARGET_NAME)";
				SWIFT_VERSION = 5.0;
				TARGETED_DEVICE_FAMILY = 1;
			};
			name = Debug;
		};
		A5195887260F839B003C5F04 /* Release */ = {
			isa = XCBuildConfiguration;
			baseConfigurationReference = 1BD353E1BD4CAA4FCF4C5590 /* Pods-instagram.release.xcconfig */;
			buildSettings = {
				ASSETCATALOG_COMPILER_APPICON_NAME = AppIcon;
				ASSETCATALOG_COMPILER_GLOBAL_ACCENT_COLOR_NAME = AccentColor;
				CODE_SIGN_STYLE = Automatic;
				DEVELOPMENT_TEAM = XN8YLP44NY;
				INFOPLIST_FILE = instagram/Info.plist;
				IPHONEOS_DEPLOYMENT_TARGET = 13.0;
				LD_RUNPATH_SEARCH_PATHS = (
					"$(inherited)",
					"@executable_path/Frameworks",
				);
				PRODUCT_BUNDLE_IDENTIFIER = com.michaelenterprise.instagram;
				PRODUCT_NAME = "$(TARGET_NAME)";
				SWIFT_VERSION = 5.0;
				TARGETED_DEVICE_FAMILY = 1;
			};
			name = Release;
		};
		A5195889260F839B003C5F04 /* Debug */ = {
			isa = XCBuildConfiguration;
			baseConfigurationReference = 64DA6AA918B15D157BA38288 /* Pods-instagramTests.debug.xcconfig */;
			buildSettings = {
				ALWAYS_EMBED_SWIFT_STANDARD_LIBRARIES = YES;
				BUNDLE_LOADER = "$(TEST_HOST)";
				CODE_SIGN_STYLE = Automatic;
				DEVELOPMENT_TEAM = XN8YLP44NY;
				INFOPLIST_FILE = instagramTests/Info.plist;
				IPHONEOS_DEPLOYMENT_TARGET = 14.4;
				LD_RUNPATH_SEARCH_PATHS = (
					"$(inherited)",
					"@executable_path/Frameworks",
					"@loader_path/Frameworks",
				);
				PRODUCT_BUNDLE_IDENTIFIER = com.michaelenterprise.instagramTests;
				PRODUCT_NAME = "$(TARGET_NAME)";
				SWIFT_VERSION = 5.0;
				TARGETED_DEVICE_FAMILY = "1,2";
				TEST_HOST = "$(BUILT_PRODUCTS_DIR)/instagram.app/instagram";
			};
			name = Debug;
		};
		A519588A260F839B003C5F04 /* Release */ = {
			isa = XCBuildConfiguration;
			baseConfigurationReference = 9CA88DABFBE5537F63EEBCC9 /* Pods-instagramTests.release.xcconfig */;
			buildSettings = {
				ALWAYS_EMBED_SWIFT_STANDARD_LIBRARIES = YES;
				BUNDLE_LOADER = "$(TEST_HOST)";
				CODE_SIGN_STYLE = Automatic;
				DEVELOPMENT_TEAM = XN8YLP44NY;
				INFOPLIST_FILE = instagramTests/Info.plist;
				IPHONEOS_DEPLOYMENT_TARGET = 14.4;
				LD_RUNPATH_SEARCH_PATHS = (
					"$(inherited)",
					"@executable_path/Frameworks",
					"@loader_path/Frameworks",
				);
				PRODUCT_BUNDLE_IDENTIFIER = com.michaelenterprise.instagramTests;
				PRODUCT_NAME = "$(TARGET_NAME)";
				SWIFT_VERSION = 5.0;
				TARGETED_DEVICE_FAMILY = "1,2";
				TEST_HOST = "$(BUILT_PRODUCTS_DIR)/instagram.app/instagram";
			};
			name = Release;
		};
		A519588C260F839B003C5F04 /* Debug */ = {
			isa = XCBuildConfiguration;
			baseConfigurationReference = E8567F2F10F066095C9C8B48 /* Pods-instagram-instagramUITests.debug.xcconfig */;
			buildSettings = {
				ALWAYS_EMBED_SWIFT_STANDARD_LIBRARIES = YES;
				CODE_SIGN_STYLE = Automatic;
				DEVELOPMENT_TEAM = XN8YLP44NY;
				INFOPLIST_FILE = instagramUITests/Info.plist;
				LD_RUNPATH_SEARCH_PATHS = (
					"$(inherited)",
					"@executable_path/Frameworks",
					"@loader_path/Frameworks",
				);
				PRODUCT_BUNDLE_IDENTIFIER = com.michaelenterprise.instagramUITests;
				PRODUCT_NAME = "$(TARGET_NAME)";
				SWIFT_VERSION = 5.0;
				TARGETED_DEVICE_FAMILY = "1,2";
				TEST_TARGET_NAME = instagram;
			};
			name = Debug;
		};
		A519588D260F839B003C5F04 /* Release */ = {
			isa = XCBuildConfiguration;
			baseConfigurationReference = 42AB3816CCABF79E7B0F7463 /* Pods-instagram-instagramUITests.release.xcconfig */;
			buildSettings = {
				ALWAYS_EMBED_SWIFT_STANDARD_LIBRARIES = YES;
				CODE_SIGN_STYLE = Automatic;
				DEVELOPMENT_TEAM = XN8YLP44NY;
				INFOPLIST_FILE = instagramUITests/Info.plist;
				LD_RUNPATH_SEARCH_PATHS = (
					"$(inherited)",
					"@executable_path/Frameworks",
					"@loader_path/Frameworks",
				);
				PRODUCT_BUNDLE_IDENTIFIER = com.michaelenterprise.instagramUITests;
				PRODUCT_NAME = "$(TARGET_NAME)";
				SWIFT_VERSION = 5.0;
				TARGETED_DEVICE_FAMILY = "1,2";
				TEST_TARGET_NAME = instagram;
			};
			name = Release;
		};
/* End XCBuildConfiguration section */

/* Begin XCConfigurationList section */
		A5195856260F8399003C5F04 /* Build configuration list for PBXProject "instagram" */ = {
			isa = XCConfigurationList;
			buildConfigurations = (
				A5195883260F839B003C5F04 /* Debug */,
				A5195884260F839B003C5F04 /* Release */,
			);
			defaultConfigurationIsVisible = 0;
			defaultConfigurationName = Release;
		};
		A5195885260F839B003C5F04 /* Build configuration list for PBXNativeTarget "instagram" */ = {
			isa = XCConfigurationList;
			buildConfigurations = (
				A5195886260F839B003C5F04 /* Debug */,
				A5195887260F839B003C5F04 /* Release */,
			);
			defaultConfigurationIsVisible = 0;
			defaultConfigurationName = Release;
		};
		A5195888260F839B003C5F04 /* Build configuration list for PBXNativeTarget "instagramTests" */ = {
			isa = XCConfigurationList;
			buildConfigurations = (
				A5195889260F839B003C5F04 /* Debug */,
				A519588A260F839B003C5F04 /* Release */,
			);
			defaultConfigurationIsVisible = 0;
			defaultConfigurationName = Release;
		};
		A519588B260F839B003C5F04 /* Build configuration list for PBXNativeTarget "instagramUITests" */ = {
			isa = XCConfigurationList;
			buildConfigurations = (
				A519588C260F839B003C5F04 /* Debug */,
				A519588D260F839B003C5F04 /* Release */,
			);
			defaultConfigurationIsVisible = 0;
			defaultConfigurationName = Release;
		};
/* End XCConfigurationList section */
	};
	rootObject = A5195853260F8399003C5F04 /* Project object */;
}
